
Microsoft Visual Studio Solution File, Format Version 12.00
# Visual Studio Version 17
VisualStudioVersion = 17.4.33015.44
MinimumVisualStudioVersion = 10.0.40219.1
Project("{9A19103F-16F7-4668-BE54-9A1E7A4F7556}") = "FasTnT.Epcis.Callback.Core", "src\FasTnT.Epcis.Callback.Core\FasTnT.Epcis.Callback.Core.csproj", "{26A06E29-F52E-40F1-AB57-CCF26616672B}"
EndProject
Project("{FAE04EC0-301F-11D3-BF4B-00C04F79EFBC}") = "FasTnT.Epcis.Callback.Api", "src\FasTnT.Epcis.Callback.Api\FasTnT.Epcis.Callback.Api.csproj", "{B91734F1-5A37-417F-B62D-247BF7F8919F}"
EndProject
Global
	GlobalSection(SolutionConfigurationPlatforms) = preSolution
		Debug|Any CPU = Debug|Any CPU
		Release|Any CPU = Release|Any CPU
	EndGlobalSection
	GlobalSection(ProjectConfigurationPlatforms) = postSolution
		{26A06E29-F52E-40F1-AB57-CCF26616672B}.Debug|Any CPU.ActiveCfg = Debug|Any CPU
		{26A06E29-F52E-40F1-AB57-CCF26616672B}.Debug|Any CPU.Build.0 = Debug|Any CPU
		{26A06E29-F52E-40F1-AB57-CCF26616672B}.Release|Any CPU.ActiveCfg = Release|Any CPU
		{26A06E29-F52E-40F1-AB57-CCF26616672B}.Release|Any CPU.Build.0 = Release|Any CPU
		{B91734F1-5A37-417F-B62D-247BF7F8919F}.Debug|Any CPU.ActiveCfg = Debug|Any CPU
		{B91734F1-5A37-417F-B62D-247BF7F8919F}.Debug|Any CPU.Build.0 = Debug|Any CPU
		{B91734F1-5A37-417F-B62D-247BF7F8919F}.Release|Any CPU.ActiveCfg = Release|Any CPU
		{B91734F1-5A37-417F-B62D-247BF7F8919F}.Release|Any CPU.Build.0 = Release|Any CPU
	EndGlobalSection
	GlobalSection(SolutionProperties) = preSolution
		HideSolutionNode = FALSE
	EndGlobalSection
	GlobalSection(ExtensibilityGlobals) = postSolution
		SolutionGuid = {11681CC7-A44F-4B0D-9DFB-9A3C29C8CEAF}
	EndGlobalSection
EndGlobal
